
Microsoft Visual Studio Solution File, Format Version 12.00
# Visual Studio 14
VisualStudioVersion = 14.0.24720.0
MinimumVisualStudioVersion = 10.0.40219.1
Project("{FAE04EC0-301F-11D3-BF4B-00C04F79EFBC}") = "StringManipulationPractice", "StringManipulationPractice\StringManipulationPractice.csproj", "{B4E7B5FC-3212-4441-AA14-782C3F662E35}"
EndProject
Project("{FAE04EC0-301F-11D3-BF4B-00C04F79EFBC}") = "StrUtilities", "StrUtilities\StrUtilities.csproj", "{607524D0-2B1A-4C42-A6C4-CDE0D15E1257}"
EndProject
Project("{FAE04EC0-301F-11D3-BF4B-00C04F79EFBC}") = "UtilTest", "UtilTest\UtilTest.csproj", "{01C601B7-0C12-4C05-9783-F2D36602A666}"
EndProject
Global
	GlobalSection(SolutionConfigurationPlatforms) = preSolution
		Debug|Any CPU = Debug|Any CPU
		Release|Any CPU = Release|Any CPU
	EndGlobalSection
	GlobalSection(ProjectConfigurationPlatforms) = postSolution
		{B4E7B5FC-3212-4441-AA14-782C3F662E35}.Debug|Any CPU.ActiveCfg = Debug|Any CPU
		{B4E7B5FC-3212-4441-AA14-782C3F662E35}.Debug|Any CPU.Build.0 = Debug|Any CPU
		{B4E7B5FC-3212-4441-AA14-782C3F662E35}.Release|Any CPU.ActiveCfg = Release|Any CPU
		{B4E7B5FC-3212-4441-AA14-782C3F662E35}.Release|Any CPU.Build.0 = Release|Any CPU
		{607524D0-2B1A-4C42-A6C4-CDE0D15E1257}.Debug|Any CPU.ActiveCfg = Debug|Any CPU
		{607524D0-2B1A-4C42-A6C4-CDE0D15E1257}.Debug|Any CPU.Build.0 = Debug|Any CPU
		{607524D0-2B1A-4C42-A6C4-CDE0D15E1257}.Release|Any CPU.ActiveCfg = Release|Any CPU
		{607524D0-2B1A-4C42-A6C4-CDE0D15E1257}.Release|Any CPU.Build.0 = Release|Any CPU
		{01C601B7-0C12-4C05-9783-F2D36602A666}.Debug|Any CPU.ActiveCfg = Debug|Any CPU
		{01C601B7-0C12-4C05-9783-F2D36602A666}.Debug|Any CPU.Build.0 = Debug|Any CPU
		{01C601B7-0C12-4C05-9783-F2D36602A666}.Release|Any CPU.ActiveCfg = Release|Any CPU
		{01C601B7-0C12-4C05-9783-F2D36602A666}.Release|Any CPU.Build.0 = Release|Any CPU
	EndGlobalSection
	GlobalSection(SolutionProperties) = preSolution
		HideSolutionNode = FALSE
	EndGlobalSection
EndGlobal
